// !$*UTF8*$!
{
	archiveVersion = 1;
	classes = {
	};
	objectVersion = 56;
	objects = {

/* Begin PBXBuildFile section */
		50C721D02978E1B900441325 /* AppDelegate.swift in Sources */ = {isa = PBXBuildFile; fileRef = 50C721CF2978E1B900441325 /* AppDelegate.swift */; };
		50C721D22978E1B900441325 /* SceneDelegate.swift in Sources */ = {isa = PBXBuildFile; fileRef = 50C721D12978E1B900441325 /* SceneDelegate.swift */; };
		50C721D42978E1B900441325 /* ViewController.swift in Sources */ = {isa = PBXBuildFile; fileRef = 50C721D32978E1B900441325 /* ViewController.swift */; };
		50C721D72978E1B900441325 /* Main.storyboard in Resources */ = {isa = PBXBuildFile; fileRef = 50C721D52978E1B900441325 /* Main.storyboard */; };
		50C721D92978E1BB00441325 /* Assets.xcassets in Resources */ = {isa = PBXBuildFile; fileRef = 50C721D82978E1BB00441325 /* Assets.xcassets */; };
		50C721DC2978E1BB00441325 /* LaunchScreen.storyboard in Resources */ = {isa = PBXBuildFile; fileRef = 50C721DA2978E1BB00441325 /* LaunchScreen.storyboard */; };
		50C721E72978E1BB00441325 /* collectionViewTests.swift in Sources */ = {isa = PBXBuildFile; fileRef = 50C721E62978E1BB00441325 /* collectionViewTests.swift */; };
		50C721F12978E1BB00441325 /* collectionViewUITests.swift in Sources */ = {isa = PBXBuildFile; fileRef = 50C721F02978E1BB00441325 /* collectionViewUITests.swift */; };
		50C721F32978E1BB00441325 /* collectionViewUITestsLaunchTests.swift in Sources */ = {isa = PBXBuildFile; fileRef = 50C721F22978E1BB00441325 /* collectionViewUITestsLaunchTests.swift */; };
		50C722012978E21800441325 /* DrayFruitsCollectionViewCell.swift in Sources */ = {isa = PBXBuildFile; fileRef = 50C721FF2978E21800441325 /* DrayFruitsCollectionViewCell.swift */; };
		50C722022978E21800441325 /* DrayFruitsCollectionViewCell.xib in Resources */ = {isa = PBXBuildFile; fileRef = 50C722002978E21800441325 /* DrayFruitsCollectionViewCell.xib */; };
/* End PBXBuildFile section */

/* Begin PBXContainerItemProxy section */
		50C721E32978E1BB00441325 /* PBXContainerItemProxy */ = {
			isa = PBXContainerItemProxy;
			containerPortal = 50C721C42978E1B900441325 /* Project object */;
			proxyType = 1;
			remoteGlobalIDString = 50C721CB2978E1B900441325;
			remoteInfo = collectionView;
		};
		50C721ED2978E1BB00441325 /* PBXContainerItemProxy */ = {
			isa = PBXContainerItemProxy;
			containerPortal = 50C721C42978E1B900441325 /* Project object */;
			proxyType = 1;
			remoteGlobalIDString = 50C721CB2978E1B900441325;
			remoteInfo = collectionView;
		};
/* End PBXContainerItemProxy section */

/* Begin PBXFileReference section */
		50C721CC2978E1B900441325 /* collectionView.app */ = {isa = PBXFileReference; explicitFileType = wrapper.application; includeInIndex = 0; path = collectionView.app; sourceTree = BUILT_PRODUCTS_DIR; };
		50C721CF2978E1B900441325 /* AppDelegate.swift */ = {isa = PBXFileReference; lastKnownFileType = sourcecode.swift; path = AppDelegate.swift; sourceTree = "<group>"; };
		50C721D12978E1B900441325 /* SceneDelegate.swift */ = {isa = PBXFileReference; lastKnownFileType = sourcecode.swift; path = SceneDelegate.swift; sourceTree = "<group>"; };
		50C721D32978E1B900441325 /* ViewController.swift */ = {isa = PBXFileReference; lastKnownFileType = sourcecode.swift; path = ViewController.swift; sourceTree = "<group>"; };
		50C721D62978E1B900441325 /* Base */ = {isa = PBXFileReference; lastKnownFileType = file.storyboard; name = Base; path = Base.lproj/Main.storyboard; sourceTree = "<group>"; };
		50C721D82978E1BB00441325 /* Assets.xcassets */ = {isa = PBXFileReference; lastKnownFileType = folder.assetcatalog; path = Assets.xcassets; sourceTree = "<group>"; };
		50C721DB2978E1BB00441325 /* Base */ = {isa = PBXFileReference; lastKnownFileType = file.storyboard; name = Base; path = Base.lproj/LaunchScreen.storyboard; sourceTree = "<group>"; };
		50C721DD2978E1BB00441325 /* Info.plist */ = {isa = PBXFileReference; lastKnownFileType = text.plist.xml; path = Info.plist; sourceTree = "<group>"; };
		50C721E22978E1BB00441325 /* collectionViewTests.xctest */ = {isa = PBXFileReference; explicitFileType = wrapper.cfbundle; includeInIndex = 0; path = collectionViewTests.xctest; sourceTree = BUILT_PRODUCTS_DIR; };
		50C721E62978E1BB00441325 /* collectionViewTests.swift */ = {isa = PBXFileReference; lastKnownFileType = sourcecode.swift; path = collectionViewTests.swift; sourceTree = "<group>"; };
		50C721EC2978E1BB00441325 /* collectionViewUITests.xctest */ = {isa = PBXFileReference; explicitFileType = wrapper.cfbundle; includeInIndex = 0; path = collectionViewUITests.xctest; sourceTree = BUILT_PRODUCTS_DIR; };
		50C721F02978E1BB00441325 /* collectionViewUITests.swift */ = {isa = PBXFileReference; lastKnownFileType = sourcecode.swift; path = collectionViewUITests.swift; sourceTree = "<group>"; };
		50C721F22978E1BB00441325 /* collectionViewUITestsLaunchTests.swift */ = {isa = PBXFileReference; lastKnownFileType = sourcecode.swift; path = collectionViewUITestsLaunchTests.swift; sourceTree = "<group>"; };
		50C721FF2978E21800441325 /* DrayFruitsCollectionViewCell.swift */ = {isa = PBXFileReference; lastKnownFileType = sourcecode.swift; path = DrayFruitsCollectionViewCell.swift; sourceTree = "<group>"; };
		50C722002978E21800441325 /* DrayFruitsCollectionViewCell.xib */ = {isa = PBXFileReference; lastKnownFileType = file.xib; path = DrayFruitsCollectionViewCell.xib; sourceTree = "<group>"; };
/* End PBXFileReference section */

/* Begin PBXFrameworksBuildPhase section */
		50C721C92978E1B900441325 /* Frameworks */ = {
			isa = PBXFrameworksBuildPhase;
			buildActionMask = 2147483647;
			files = (
			);
			runOnlyForDeploymentPostprocessing = 0;
		};
		50C721DF2978E1BB00441325 /* Frameworks */ = {
			isa = PBXFrameworksBuildPhase;
			buildActionMask = 2147483647;
			files = (
			);
			runOnlyForDeploymentPostprocessing = 0;
		};
		50C721E92978E1BB00441325 /* Frameworks */ = {
			isa = PBXFrameworksBuildPhase;
			buildActionMask = 2147483647;
			files = (
			);
			runOnlyForDeploymentPostprocessing = 0;
		};
/* End PBXFrameworksBuildPhase section */

/* Begin PBXGroup section */
		50C721C32978E1B900441325 = {
			isa = PBXGroup;
			children = (
				50C721CE2978E1B900441325 /* collectionView */,
				50C721E52978E1BB00441325 /* collectionViewTests */,
				50C721EF2978E1BB00441325 /* collectionViewUITests */,
				50C721CD2978E1B900441325 /* Products */,
			);
			sourceTree = "<group>";
		};
		50C721CD2978E1B900441325 /* Products */ = {
			isa = PBXGroup;
			children = (
				50C721CC2978E1B900441325 /* collectionView.app */,
				50C721E22978E1BB00441325 /* collectionViewTests.xctest */,
				50C721EC2978E1BB00441325 /* collectionViewUITests.xctest */,
			);
			name = Products;
			sourceTree = "<group>";
		};
		50C721CE2978E1B900441325 /* collectionView */ = {
			isa = PBXGroup;
			children = (
				50C721CF2978E1B900441325 /* AppDelegate.swift */,
				50C721D12978E1B900441325 /* SceneDelegate.swift */,
				50C721D32978E1B900441325 /* ViewController.swift */,
				50C721FF2978E21800441325 /* DrayFruitsCollectionViewCell.swift */,
				50C722002978E21800441325 /* DrayFruitsCollectionViewCell.xib */,
				50C721D52978E1B900441325 /* Main.storyboard */,
				50C721D82978E1BB00441325 /* Assets.xcassets */,
				50C721DA2978E1BB00441325 /* LaunchScreen.storyboard */,
				50C721DD2978E1BB00441325 /* Info.plist */,
			);
			path = collectionView;
			sourceTree = "<group>";
		};
		50C721E52978E1BB00441325 /* collectionViewTests */ = {
			isa = PBXGroup;
			children = (
				50C721E62978E1BB00441325 /* collectionViewTests.swift */,
			);
			path = collectionViewTests;
			sourceTree = "<group>";
		};
		50C721EF2978E1BB00441325 /* collectionViewUITests */ = {
			isa = PBXGroup;
			children = (
				50C721F02978E1BB00441325 /* collectionViewUITests.swift */,
				50C721F22978E1BB00441325 /* collectionViewUITestsLaunchTests.swift */,
			);
			path = collectionViewUITests;
			sourceTree = "<group>";
		};
/* End PBXGroup section */

/* Begin PBXNativeTarget section */
		50C721CB2978E1B900441325 /* collectionView */ = {
			isa = PBXNativeTarget;
			buildConfigurationList = 50C721F62978E1BB00441325 /* Build configuration list for PBXNativeTarget "collectionView" */;
			buildPhases = (
				50C721C82978E1B900441325 /* Sources */,
				50C721C92978E1B900441325 /* Frameworks */,
				50C721CA2978E1B900441325 /* Resources */,
			);
			buildRules = (
			);
			dependencies = (
			);
			name = collectionView;
			productName = collectionView;
			productReference = 50C721CC2978E1B900441325 /* collectionView.app */;
			productType = "com.apple.product-type.application";
		};
		50C721E12978E1BB00441325 /* collectionViewTests */ = {
			isa = PBXNativeTarget;
			buildConfigurationList = 50C721F92978E1BB00441325 /* Build configuration list for PBXNativeTarget "collectionViewTests" */;
			buildPhases = (
				50C721DE2978E1BB00441325 /* Sources */,
				50C721DF2978E1BB00441325 /* Frameworks */,
				50C721E02978E1BB00441325 /* Resources */,
			);
			buildRules = (
			);
			dependencies = (
				50C721E42978E1BB00441325 /* PBXTargetDependency */,
			);
			name = collectionViewTests;
			productName = collectionViewTests;
			productReference = 50C721E22978E1BB00441325 /* collectionViewTests.xctest */;
			productType = "com.apple.product-type.bundle.unit-test";
		};
		50C721EB2978E1BB00441325 /* collectionViewUITests */ = {
			isa = PBXNativeTarget;
			buildConfigurationList = 50C721FC2978E1BB00441325 /* Build configuration list for PBXNativeTarget "collectionViewUITests" */;
			buildPhases = (
				50C721E82978E1BB00441325 /* Sources */,
				50C721E92978E1BB00441325 /* Frameworks */,
				50C721EA2978E1BB00441325 /* Resources */,
			);
			buildRules = (
			);
			dependencies = (
				50C721EE2978E1BB00441325 /* PBXTargetDependency */,
			);
			name = collectionViewUITests;
			productName = collectionViewUITests;
			productReference = 50C721EC2978E1BB00441325 /* collectionViewUITests.xctest */;
			productType = "com.apple.product-type.bundle.ui-testing";
		};
/* End PBXNativeTarget section */

/* Begin PBXProject section */
		50C721C42978E1B900441325 /* Project object */ = {
			isa = PBXProject;
			attributes = {
				BuildIndependentTargetsInParallel = 1;
				LastSwiftUpdateCheck = 1420;
				LastUpgradeCheck = 1420;
				TargetAttributes = {
					50C721CB2978E1B900441325 = {
						CreatedOnToolsVersion = 14.2;
					};
					50C721E12978E1BB00441325 = {
						CreatedOnToolsVersion = 14.2;
						TestTargetID = 50C721CB2978E1B900441325;
					};
					50C721EB2978E1BB00441325 = {
						CreatedOnToolsVersion = 14.2;
						TestTargetID = 50C721CB2978E1B900441325;
					};
				};
			};
			buildConfigurationList = 50C721C72978E1B900441325 /* Build configuration list for PBXProject "collectionView" */;
			compatibilityVersion = "Xcode 14.0";
			developmentRegion = en;
			hasScannedForEncodings = 0;
			knownRegions = (
				en,
				Base,
			);
			mainGroup = 50C721C32978E1B900441325;
			productRefGroup = 50C721CD2978E1B900441325 /* Products */;
			projectDirPath = "";
			projectRoot = "";
			targets = (
				50C721CB2978E1B900441325 /* collectionView */,
				50C721E12978E1BB00441325 /* collectionViewTests */,
				50C721EB2978E1BB00441325 /* collectionViewUITests */,
			);
		};
/* End PBXProject section */

/* Begin PBXResourcesBuildPhase section */
		50C721CA2978E1B900441325 /* Resources */ = {
			isa = PBXResourcesBuildPhase;
			buildActionMask = 2147483647;
			files = (
				50C721DC2978E1BB00441325 /* LaunchScreen.storyboard in Resources */,
				50C721D92978E1BB00441325 /* Assets.xcassets in Resources */,
				50C722022978E21800441325 /* DrayFruitsCollectionViewCell.xib in Resources */,
				50C721D72978E1B900441325 /* Main.storyboard in Resources */,
			);
			runOnlyForDeploymentPostprocessing = 0;
		};
		50C721E02978E1BB00441325 /* Resources */ = {
			isa = PBXResourcesBuildPhase;
			buildActionMask = 2147483647;
			files = (
			);
			runOnlyForDeploymentPostprocessing = 0;
		};
		50C721EA2978E1BB00441325 /* Resources */ = {
			isa = PBXResourcesBuildPhase;
			buildActionMask = 2147483647;
			files = (
			);
			runOnlyForDeploymentPostprocessing = 0;
		};
/* End PBXResourcesBuildPhase section */

/* Begin PBXSourcesBuildPhase section */
		50C721C82978E1B900441325 /* Sources */ = {
			isa = PBXSourcesBuildPhase;
			buildActionMask = 2147483647;
			files = (
				50C721D42978E1B900441325 /* ViewController.swift in Sources */,
				50C722012978E21800441325 /* DrayFruitsCollectionViewCell.swift in Sources */,
				50C721D02978E1B900441325 /* AppDelegate.swift in Sources */,
				50C721D22978E1B900441325 /* SceneDelegate.swift in Sources */,
			);
			runOnlyForDeploymentPostprocessing = 0;
		};
		50C721DE2978E1BB00441325 /* Sources */ = {
			isa = PBXSourcesBuildPhase;
			buildActionMask = 2147483647;
			files = (
				50C721E72978E1BB00441325 /* collectionViewTests.swift in Sources */,
			);
			runOnlyForDeploymentPostprocessing = 0;
		};
		50C721E82978E1BB00441325 /* Sources */ = {
			isa = PBXSourcesBuildPhase;
			buildActionMask = 2147483647;
			files = (
				50C721F12978E1BB00441325 /* collectionViewUITests.swift in Sources */,
				50C721F32978E1BB00441325 /* collectionViewUITestsLaunchTests.swift in Sources */,
			);
			runOnlyForDeploymentPostprocessing = 0;
		};
/* End PBXSourcesBuildPhase section */

/* Begin PBXTargetDependency section */
		50C721E42978E1BB00441325 /* PBXTargetDependency */ = {
			isa = PBXTargetDependency;
			target = 50C721CB2978E1B900441325 /* collectionView */;
			targetProxy = 50C721E32978E1BB00441325 /* PBXContainerItemProxy */;
		};
		50C721EE2978E1BB00441325 /* PBXTargetDependency */ = {
			isa = PBXTargetDependency;
			target = 50C721CB2978E1B900441325 /* collectionView */;
			targetProxy = 50C721ED2978E1BB00441325 /* PBXContainerItemProxy */;
		};
/* End PBXTargetDependency section */

/* Begin PBXVariantGroup section */
		50C721D52978E1B900441325 /* Main.storyboard */ = {
			isa = PBXVariantGroup;
			children = (
				50C721D62978E1B900441325 /* Base */,
			);
			name = Main.storyboard;
			sourceTree = "<group>";
		};
		50C721DA2978E1BB00441325 /* LaunchScreen.storyboard */ = {
			isa = PBXVariantGroup;
			children = (
				50C721DB2978E1BB00441325 /* Base */,
			);
			name = LaunchScreen.storyboard;
			sourceTree = "<group>";
		};
/* End PBXVariantGroup section */

/* Begin XCBuildConfiguration section */
		50C721F42978E1BB00441325 /* Debug */ = {
			isa = XCBuildConfiguration;
			buildSettings = {
				ALWAYS_SEARCH_USER_PATHS = NO;
				CLANG_ANALYZER_NONNULL = YES;
				CLANG_ANALYZER_NUMBER_OBJECT_CONVERSION = YES_AGGRESSIVE;
				CLANG_CXX_LANGUAGE_STANDARD = "gnu++20";
				CLANG_ENABLE_MODULES = YES;
				CLANG_ENABLE_OBJC_ARC = YES;
				CLANG_ENABLE_OBJC_WEAK = YES;
				CLANG_WARN_BLOCK_CAPTURE_AUTORELEASING = YES;
				CLANG_WARN_BOOL_CONVERSION = YES;
				CLANG_WARN_COMMA = YES;
				CLANG_WARN_CONSTANT_CONVERSION = YES;
				CLANG_WARN_DEPRECATED_OBJC_IMPLEMENTATIONS = YES;
				CLANG_WARN_DIRECT_OBJC_ISA_USAGE = YES_ERROR;
				CLANG_WARN_DOCUMENTATION_COMMENTS = YES;
				CLANG_WARN_EMPTY_BODY = YES;
				CLANG_WARN_ENUM_CONVERSION = YES;
				CLANG_WARN_INFINITE_RECURSION = YES;
				CLANG_WARN_INT_CONVERSION = YES;
				CLANG_WARN_NON_LITERAL_NULL_CONVERSION = YES;
				CLANG_WARN_OBJC_IMPLICIT_RETAIN_SELF = YES;
				CLANG_WARN_OBJC_LITERAL_CONVERSION = YES;
				CLANG_WARN_OBJC_ROOT_CLASS = YES_ERROR;
				CLANG_WARN_QUOTED_INCLUDE_IN_FRAMEWORK_HEADER = YES;
				CLANG_WARN_RANGE_LOOP_ANALYSIS = YES;
				CLANG_WARN_STRICT_PROTOTYPES = YES;
				CLANG_WARN_SUSPICIOUS_MOVE = YES;
				CLANG_WARN_UNGUARDED_AVAILABILITY = YES_AGGRESSIVE;
				CLANG_WARN_UNREACHABLE_CODE = YES;
				CLANG_WARN__DUPLICATE_METHOD_MATCH = YES;
				COPY_PHASE_STRIP = NO;
				DEBUG_INFORMATION_FORMAT = dwarf;
				ENABLE_STRICT_OBJC_MSGSEND = YES;
				ENABLE_TESTABILITY = YES;
				GCC_C_LANGUAGE_STANDARD = gnu11;
				GCC_DYNAMIC_NO_PIC = NO;
				GCC_NO_COMMON_BLOCKS = YES;
				GCC_OPTIMIZATION_LEVEL = 0;
				GCC_PREPROCESSOR_DEFINITIONS = (
					"DEBUG=1",
					"$(inherited)",
				);
				GCC_WARN_64_TO_32_BIT_CONVERSION = YES;
				GCC_WARN_ABOUT_RETURN_TYPE = YES_ERROR;
				GCC_WARN_UNDECLARED_SELECTOR = YES;
				GCC_WARN_UNINITIALIZED_AUTOS = YES_AGGRESSIVE;
				GCC_WARN_UNUSED_FUNCTION = YES;
				GCC_WARN_UNUSED_VARIABLE = YES;
				IPHONEOS_DEPLOYMENT_TARGET = 16.2;
				MTL_ENABLE_DEBUG_INFO = INCLUDE_SOURCE;
				MTL_FAST_MATH = YES;
				ONLY_ACTIVE_ARCH = YES;
				SDKROOT = iphoneos;
				SWIFT_ACTIVE_COMPILATION_CONDITIONS = DEBUG;
				SWIFT_OPTIMIZATION_LEVEL = "-Onone";
			};
			name = Debug;
		};
		50C721F52978E1BB00441325 /* Release */ = {
			isa = XCBuildConfiguration;
			buildSettings = {
				ALWAYS_SEARCH_USER_PATHS = NO;
				CLANG_ANALYZER_NONNULL = YES;
				CLANG_ANALYZER_NUMBER_OBJECT_CONVERSION = YES_AGGRESSIVE;
				CLANG_CXX_LANGUAGE_STANDARD = "gnu++20";
				CLANG_ENABLE_MODULES = YES;
				CLANG_ENABLE_OBJC_ARC = YES;
				CLANG_ENABLE_OBJC_WEAK = YES;
				CLANG_WARN_BLOCK_CAPTURE_AUTORELEASING = YES;
				CLANG_WARN_BOOL_CONVERSION = YES;
				CLANG_WARN_COMMA = YES;
				CLANG_WARN_CONSTANT_CONVERSION = YES;
				CLANG_WARN_DEPRECATED_OBJC_IMPLEMENTATIONS = YES;
				CLANG_WARN_DIRECT_OBJC_ISA_USAGE = YES_ERROR;
				CLANG_WARN_DOCUMENTATION_COMMENTS = YES;
				CLANG_WARN_EMPTY_BODY = YES;
				CLANG_WARN_ENUM_CONVERSION = YES;
				CLANG_WARN_INFINITE_RECURSION = YES;
				CLANG_WARN_INT_CONVERSION = YES;
				CLANG_WARN_NON_LITERAL_NULL_CONVERSION = YES;
				CLANG_WARN_OBJC_IMPLICIT_RETAIN_SELF = YES;
				CLANG_WARN_OBJC_LITERAL_CONVERSION = YES;
				CLANG_WARN_OBJC_ROOT_CLASS = YES_ERROR;
				CLANG_WARN_QUOTED_INCLUDE_IN_FRAMEWORK_HEADER = YES;
				CLANG_WARN_RANGE_LOOP_ANALYSIS = YES;
				CLANG_WARN_STRICT_PROTOTYPES = YES;
				CLANG_WARN_SUSPICIOUS_MOVE = YES;
				CLANG_WARN_UNGUARDED_AVAILABILITY = YES_AGGRESSIVE;
				CLANG_WARN_UNREACHABLE_CODE = YES;
				CLANG_WARN__DUPLICATE_METHOD_MATCH = YES;
				COPY_PHASE_STRIP = NO;
				DEBUG_INFORMATION_FORMAT = "dwarf-with-dsym";
				ENABLE_NS_ASSERTIONS = NO;
				ENABLE_STRICT_OBJC_MSGSEND = YES;
				GCC_C_LANGUAGE_STANDARD = gnu11;
				GCC_NO_COMMON_BLOCKS = YES;
				GCC_WARN_64_TO_32_BIT_CONVERSION = YES;
				GCC_WARN_ABOUT_RETURN_TYPE = YES_ERROR;
				GCC_WARN_UNDECLARED_SELECTOR = YES;
				GCC_WARN_UNINITIALIZED_AUTOS = YES_AGGRESSIVE;
				GCC_WARN_UNUSED_FUNCTION = YES;
				GCC_WARN_UNUSED_VARIABLE = YES;
				IPHONEOS_DEPLOYMENT_TARGET = 16.2;
				MTL_ENABLE_DEBUG_INFO = NO;
				MTL_FAST_MATH = YES;
				SDKROOT = iphoneos;
				SWIFT_COMPILATION_MODE = wholemodule;
				SWIFT_OPTIMIZATION_LEVEL = "-O";
				VALIDATE_PRODUCT = YES;
			};
			name = Release;
		};
		50C721F72978E1BB00441325 /* Debug */ = {
			isa = XCBuildConfiguration;
			buildSettings = {
				ASSETCATALOG_COMPILER_APPICON_NAME = AppIcon;
				ASSETCATALOG_COMPILER_GLOBAL_ACCENT_COLOR_NAME = AccentColor;
				CODE_SIGN_STYLE = Automatic;
				CURRENT_PROJECT_VERSION = 1;
				GENERATE_INFOPLIST_FILE = YES;
				INFOPLIST_FILE = collectionView/Info.plist;
				INFOPLIST_KEY_UIApplicationSupportsIndirectInputEvents = YES;
				INFOPLIST_KEY_UILaunchStoryboardName = LaunchScreen;
				INFOPLIST_KEY_UIMainStoryboardFile = Main;
				INFOPLIST_KEY_UISupportedInterfaceOrientations_iPad = "UIInterfaceOrientationPortrait UIInterfaceOrientationPortraitUpsideDown UIInterfaceOrientationLandscapeLeft UIInterfaceOrientationLandscapeRight";
				INFOPLIST_KEY_UISupportedInterfaceOrientations_iPhone = "UIInterfaceOrientationPortrait UIInterfaceOrientationLandscapeLeft UIInterfaceOrientationLandscapeRight";
				LD_RUNPATH_SEARCH_PATHS = (
					"$(inherited)",
					"@executable_path/Frameworks",
				);
				MARKETING_VERSION = 1.0;
				PRODUCT_BUNDLE_IDENTIFIER = com.kaushik2465.collectionView;
				PRODUCT_NAME = "$(TARGET_NAME)";
				SWIFT_EMIT_LOC_STRINGS = YES;
				SWIFT_VERSION = 5.0;
				TARGETED_DEVICE_FAMILY = "1,2";
			};
			name = Debug;
		};
		50C721F82978E1BB00441325 /* Release */ = {
			isa = XCBuildConfiguration;
			buildSettings = {
				ASSETCATALOG_COMPILER_APPICON_NAME = AppIcon;
				ASSETCATALOG_COMPILER_GLOBAL_ACCENT_COLOR_NAME = AccentColor;
				CODE_SIGN_STYLE = Automatic;
				CURRENT_PROJECT_VERSION = 1;
				GENERATE_INFOPLIST_FILE = YES;
				INFOPLIST_FILE = collectionView/Info.plist;
				INFOPLIST_KEY_UIApplicationSupportsIndirectInputEvents = YES;
				INFOPLIST_KEY_UILaunchStoryboardName = LaunchScreen;
				INFOPLIST_KEY_UIMainStoryboardFile = Main;
				INFOPLIST_KEY_UISupportedInterfaceOrientations_iPad = "UIInterfaceOrientationPortrait UIInterfaceOrientationPortraitUpsideDown UIInterfaceOrientationLandscapeLeft UIInterfaceOrientationLandscapeRight";
				INFOPLIST_KEY_UISupportedInterfaceOrientations_iPhone = "UIInterfaceOrientationPortrait UIInterfaceOrientationLandscapeLeft UIInterfaceOrientationLandscapeRight";
				LD_RUNPATH_SEARCH_PATHS = (
					"$(inherited)",
					"@executable_path/Frameworks",
				);
				MARKETING_VERSION = 1.0;
				PRODUCT_BUNDLE_IDENTIFIER = com.kaushik2465.collectionView;
				PRODUCT_NAME = "$(TARGET_NAME)";
				SWIFT_EMIT_LOC_STRINGS = YES;
				SWIFT_VERSION = 5.0;
				TARGETED_DEVICE_FAMILY = "1,2";
			};
			name = Release;
		};
		50C721FA2978E1BB00441325 /* Debug */ = {
			isa = XCBuildConfiguration;
			buildSettings = {
				ALWAYS_EMBED_SWIFT_STANDARD_LIBRARIES = YES;
				BUNDLE_LOADER = "$(TEST_HOST)";
				CODE_SIGN_STYLE = Automatic;
				CURRENT_PROJECT_VERSION = 1;
				GENERATE_INFOPLIST_FILE = YES;
				IPHONEOS_DEPLOYMENT_TARGET = 16.2;
				MARKETING_VERSION = 1.0;
				PRODUCT_BUNDLE_IDENTIFIER = com.kaushik2465.collectionViewTests;
				PRODUCT_NAME = "$(TARGET_NAME)";
				SWIFT_EMIT_LOC_STRINGS = NO;
				SWIFT_VERSION = 5.0;
				TARGETED_DEVICE_FAMILY = "1,2";
				TEST_HOST = "$(BUILT_PRODUCTS_DIR)/collectionView.app/$(BUNDLE_EXECUTABLE_FOLDER_PATH)/collectionView";
			};
			name = Debug;
		};
		50C721FB2978E1BB00441325 /* Release */ = {
			isa = XCBuildConfiguration;
			buildSettings = {
				ALWAYS_EMBED_SWIFT_STANDARD_LIBRARIES = YES;
				BUNDLE_LOADER = "$(TEST_HOST)";
				CODE_SIGN_STYLE = Automatic;
				CURRENT_PROJECT_VERSION = 1;
				GENERATE_INFOPLIST_FILE = YES;
				IPHONEOS_DEPLOYMENT_TARGET = 16.2;
				MARKETING_VERSION = 1.0;
				PRODUCT_BUNDLE_IDENTIFIER = com.kaushik2465.collectionViewTests;
				PRODUCT_NAME = "$(TARGET_NAME)";
				SWIFT_EMIT_LOC_STRINGS = NO;
				SWIFT_VERSION = 5.0;
				TARGETED_DEVICE_FAMILY = "1,2";
				TEST_HOST = "$(BUILT_PRODUCTS_DIR)/collectionView.app/$(BUNDLE_EXECUTABLE_FOLDER_PATH)/collectionView";
			};
			name = Release;
		};
		50C721FD2978E1BB00441325 /* Debug */ = {
			isa = XCBuildConfiguration;
			buildSettings = {
				ALWAYS_EMBED_SWIFT_STANDARD_LIBRARIES = YES;
				CODE_SIGN_STYLE = Automatic;
				CURRENT_PROJECT_VERSION = 1;
				GENERATE_INFOPLIST_FILE = YES;
				MARKETING_VERSION = 1.0;
				PRODUCT_BUNDLE_IDENTIFIER = com.kaushik2465.collectionViewUITests;
				PRODUCT_NAME = "$(TARGET_NAME)";
				SWIFT_EMIT_LOC_STRINGS = NO;
				SWIFT_VERSION = 5.0;
				TARGETED_DEVICE_FAMILY = "1,2";
				TEST_TARGET_NAME = collectionView;
			};
			name = Debug;
		};
		50C721FE2978E1BB00441325 /* Release */ = {
			isa = XCBuildConfiguration;
			buildSettings = {
				ALWAYS_EMBED_SWIFT_STANDARD_LIBRARIES = YES;
				CODE_SIGN_STYLE = Automatic;
				CURRENT_PROJECT_VERSION = 1;
				GENERATE_INFOPLIST_FILE = YES;
				MARKETING_VERSION = 1.0;
				PRODUCT_BUNDLE_IDENTIFIER = com.kaushik2465.collectionViewUITests;
				PRODUCT_NAME = "$(TARGET_NAME)";
				SWIFT_EMIT_LOC_STRINGS = NO;
				SWIFT_VERSION = 5.0;
				TARGETED_DEVICE_FAMILY = "1,2";
				TEST_TARGET_NAME = collectionView;
			};
			name = Release;
		};
/* End XCBuildConfiguration section */

/* Begin XCConfigurationList section */
		50C721C72978E1B900441325 /* Build configuration list for PBXProject "collectionView" */ = {
			isa = XCConfigurationList;
			buildConfigurations = (
				50C721F42978E1BB00441325 /* Debug */,
				50C721F52978E1BB00441325 /* Release */,
			);
			defaultConfigurationIsVisible = 0;
			defaultConfigurationName = Release;
		};
		50C721F62978E1BB00441325 /* Build configuration list for PBXNativeTarget "collectionView" */ = {
			isa = XCConfigurationList;
			buildConfigurations = (
				50C721F72978E1BB00441325 /* Debug */,
				50C721F82978E1BB00441325 /* Release */,
			);
			defaultConfigurationIsVisible = 0;
			defaultConfigurationName = Release;
		};
		50C721F92978E1BB00441325 /* Build configuration list for PBXNativeTarget "collectionViewTests" */ = {
			isa = XCConfigurationList;
			buildConfigurations = (
				50C721FA2978E1BB00441325 /* Debug */,
				50C721FB2978E1BB00441325 /* Release */,
			);
			defaultConfigurationIsVisible = 0;
			defaultConfigurationName = Release;
		};
		50C721FC2978E1BB00441325 /* Build configuration list for PBXNativeTarget "collectionViewUITests" */ = {
			isa = XCConfigurationList;
			buildConfigurations = (
				50C721FD2978E1BB00441325 /* Debug */,
				50C721FE2978E1BB00441325 /* Release */,
			);
			defaultConfigurationIsVisible = 0;
			defaultConfigurationName = Release;
		};
/* End XCConfigurationList section */
	};
	rootObject = 50C721C42978E1B900441325 /* Project object */;
}
